// !$*UTF8*$!
{
	archiveVersion = 1;
	classes = {
	};
	objectVersion = 46;
	objects = {

/* Begin PBXBuildFile section */
		DD3DD5011C756FDC00EF56D8 /* PhotoCell.swift in Sources */ = {isa = PBXBuildFile; fileRef = DD3DD5001C756FDC00EF56D8 /* PhotoCell.swift */; };
		DD94CB0F1C6BED1500D60549 /* AppDelegate.swift in Sources */ = {isa = PBXBuildFile; fileRef = DD94CB0E1C6BED1500D60549 /* AppDelegate.swift */; };
		DD94CB141C6BED1500D60549 /* Main.storyboard in Resources */ = {isa = PBXBuildFile; fileRef = DD94CB121C6BED1500D60549 /* Main.storyboard */; };
		DD94CB171C6BED1500D60549 /* Insta_G.xcdatamodeld in Sources */ = {isa = PBXBuildFile; fileRef = DD94CB151C6BED1500D60549 /* Insta_G.xcdatamodeld */; };
		DD94CB191C6BED1500D60549 /* Assets.xcassets in Resources */ = {isa = PBXBuildFile; fileRef = DD94CB181C6BED1500D60549 /* Assets.xcassets */; };
		DD94CB1C1C6BED1500D60549 /* LaunchScreen.storyboard in Resources */ = {isa = PBXBuildFile; fileRef = DD94CB1A1C6BED1500D60549 /* LaunchScreen.storyboard */; };
		DD94CB271C6BED1500D60549 /* Insta_GTests.swift in Sources */ = {isa = PBXBuildFile; fileRef = DD94CB261C6BED1500D60549 /* Insta_GTests.swift */; };
		DD94CB321C6BED1500D60549 /* Insta_GUITests.swift in Sources */ = {isa = PBXBuildFile; fileRef = DD94CB311C6BED1500D60549 /* Insta_GUITests.swift */; };
		DD94CB401C6BF90200D60549 /* PhotosViewController.swift in Sources */ = {isa = PBXBuildFile; fileRef = DD94CB3F1C6BF90200D60549 /* PhotosViewController.swift */; };
		DDE726581C78286B0038D99A /* PhotoDetailsViewController.swift in Sources */ = {isa = PBXBuildFile; fileRef = DDE726571C78286B0038D99A /* PhotoDetailsViewController.swift */; };
		F373D03D180280DA6CA3CB25 /* Pods_Insta_G.framework in Frameworks */ = {isa = PBXBuildFile; fileRef = B79D636D5740969E9A684486 /* Pods_Insta_G.framework */; };
/* End PBXBuildFile section */

/* Begin PBXContainerItemProxy section */
		DD94CB231C6BED1500D60549 /* PBXContainerItemProxy */ = {
			isa = PBXContainerItemProxy;
			containerPortal = DD94CB031C6BED1400D60549 /* Project object */;
			proxyType = 1;
			remoteGlobalIDString = DD94CB0A1C6BED1400D60549;
			remoteInfo = "Insta G";
		};
		DD94CB2E1C6BED1500D60549 /* PBXContainerItemProxy */ = {
			isa = PBXContainerItemProxy;
			containerPortal = DD94CB031C6BED1400D60549 /* Project object */;
			proxyType = 1;
			remoteGlobalIDString = DD94CB0A1C6BED1400D60549;
			remoteInfo = "Insta G";
		};
/* End PBXContainerItemProxy section */

/* Begin PBXFileReference section */
		77A291EDBCD7D81ADA741290 /* Pods-Insta G.release.xcconfig */ = {isa = PBXFileReference; includeInIndex = 1; lastKnownFileType = text.xcconfig; name = "Pods-Insta G.release.xcconfig"; path = "Pods/Target Support Files/Pods-Insta G/Pods-Insta G.release.xcconfig"; sourceTree = "<group>"; };
		AA8E1149AAB3EAC7642B9F67 /* Pods-Insta G.debug.xcconfig */ = {isa = PBXFileReference; includeInIndex = 1; lastKnownFileType = text.xcconfig; name = "Pods-Insta G.debug.xcconfig"; path = "Pods/Target Support Files/Pods-Insta G/Pods-Insta G.debug.xcconfig"; sourceTree = "<group>"; };
		B79D636D5740969E9A684486 /* Pods_Insta_G.framework */ = {isa = PBXFileReference; explicitFileType = wrapper.framework; includeInIndex = 0; path = Pods_Insta_G.framework; sourceTree = BUILT_PRODUCTS_DIR; };
		DD3DD5001C756FDC00EF56D8 /* PhotoCell.swift */ = {isa = PBXFileReference; fileEncoding = 4; lastKnownFileType = sourcecode.swift; path = PhotoCell.swift; sourceTree = "<group>"; };
		DD94CB0B1C6BED1500D60549 /* Insta G.app */ = {isa = PBXFileReference; explicitFileType = wrapper.application; includeInIndex = 0; path = "Insta G.app"; sourceTree = BUILT_PRODUCTS_DIR; };
		DD94CB0E1C6BED1500D60549 /* AppDelegate.swift */ = {isa = PBXFileReference; lastKnownFileType = sourcecode.swift; path = AppDelegate.swift; sourceTree = "<group>"; };
		DD94CB131C6BED1500D60549 /* Base */ = {isa = PBXFileReference; lastKnownFileType = file.storyboard; name = Base; path = Base.lproj/Main.storyboard; sourceTree = "<group>"; };
		DD94CB161C6BED1500D60549 /* Insta_G.xcdatamodel */ = {isa = PBXFileReference; lastKnownFileType = wrapper.xcdatamodel; path = Insta_G.xcdatamodel; sourceTree = "<group>"; };
		DD94CB181C6BED1500D60549 /* Assets.xcassets */ = {isa = PBXFileReference; lastKnownFileType = folder.assetcatalog; path = Assets.xcassets; sourceTree = "<group>"; };
		DD94CB1B1C6BED1500D60549 /* Base */ = {isa = PBXFileReference; lastKnownFileType = file.storyboard; name = Base; path = Base.lproj/LaunchScreen.storyboard; sourceTree = "<group>"; };
		DD94CB1D1C6BED1500D60549 /* Info.plist */ = {isa = PBXFileReference; lastKnownFileType = text.plist.xml; path = Info.plist; sourceTree = "<group>"; };
		DD94CB221C6BED1500D60549 /* Insta GTests.xctest */ = {isa = PBXFileReference; explicitFileType = wrapper.cfbundle; includeInIndex = 0; path = "Insta GTests.xctest"; sourceTree = BUILT_PRODUCTS_DIR; };
		DD94CB261C6BED1500D60549 /* Insta_GTests.swift */ = {isa = PBXFileReference; lastKnownFileType = sourcecode.swift; path = Insta_GTests.swift; sourceTree = "<group>"; };
		DD94CB281C6BED1500D60549 /* Info.plist */ = {isa = PBXFileReference; lastKnownFileType = text.plist.xml; path = Info.plist; sourceTree = "<group>"; };
		DD94CB2D1C6BED1500D60549 /* Insta GUITests.xctest */ = {isa = PBXFileReference; explicitFileType = wrapper.cfbundle; includeInIndex = 0; path = "Insta GUITests.xctest"; sourceTree = BUILT_PRODUCTS_DIR; };
		DD94CB311C6BED1500D60549 /* Insta_GUITests.swift */ = {isa = PBXFileReference; lastKnownFileType = sourcecode.swift; path = Insta_GUITests.swift; sourceTree = "<group>"; };
		DD94CB331C6BED1500D60549 /* Info.plist */ = {isa = PBXFileReference; lastKnownFileType = text.plist.xml; path = Info.plist; sourceTree = "<group>"; };
		DD94CB3F1C6BF90200D60549 /* PhotosViewController.swift */ = {isa = PBXFileReference; fileEncoding = 4; lastKnownFileType = sourcecode.swift; path = PhotosViewController.swift; sourceTree = "<group>"; };
		DDE726571C78286B0038D99A /* PhotoDetailsViewController.swift */ = {isa = PBXFileReference; fileEncoding = 4; lastKnownFileType = sourcecode.swift; path = PhotoDetailsViewController.swift; sourceTree = "<group>"; };
/* End PBXFileReference section */

/* Begin PBXFrameworksBuildPhase section */
		DD94CB081C6BED1400D60549 /* Frameworks */ = {
			isa = PBXFrameworksBuildPhase;
			buildActionMask = 2147483647;
			files = (
				F373D03D180280DA6CA3CB25 /* Pods_Insta_G.framework in Frameworks */,
			);
			runOnlyForDeploymentPostprocessing = 0;
		};
		DD94CB1F1C6BED1500D60549 /* Frameworks */ = {
			isa = PBXFrameworksBuildPhase;
			buildActionMask = 2147483647;
			files = (
			);
			runOnlyForDeploymentPostprocessing = 0;
		};
		DD94CB2A1C6BED1500D60549 /* Frameworks */ = {
			isa = PBXFrameworksBuildPhase;
			buildActionMask = 2147483647;
			files = (
			);
			runOnlyForDeploymentPostprocessing = 0;
		};
/* End PBXFrameworksBuildPhase section */

/* Begin PBXGroup section */
		09FF68A634E2F70E457E5015 /* Pods */ = {
			isa = PBXGroup;
			children = (
				AA8E1149AAB3EAC7642B9F67 /* Pods-Insta G.debug.xcconfig */,
				77A291EDBCD7D81ADA741290 /* Pods-Insta G.release.xcconfig */,
			);
			name = Pods;
			sourceTree = "<group>";
		};
		27E2951646DD92D0E42C5569 /* Frameworks */ = {
			isa = PBXGroup;
			children = (
				B79D636D5740969E9A684486 /* Pods_Insta_G.framework */,
			);
			name = Frameworks;
			sourceTree = "<group>";
		};
		DD94CB021C6BED1400D60549 = {
			isa = PBXGroup;
			children = (
				DD94CB0D1C6BED1500D60549 /* Insta G */,
				DD94CB251C6BED1500D60549 /* Insta GTests */,
				DD94CB301C6BED1500D60549 /* Insta GUITests */,
				DD94CB0C1C6BED1500D60549 /* Products */,
				09FF68A634E2F70E457E5015 /* Pods */,
				27E2951646DD92D0E42C5569 /* Frameworks */,
			);
			sourceTree = "<group>";
		};
		DD94CB0C1C6BED1500D60549 /* Products */ = {
			isa = PBXGroup;
			children = (
				DD94CB0B1C6BED1500D60549 /* Insta G.app */,
				DD94CB221C6BED1500D60549 /* Insta GTests.xctest */,
				DD94CB2D1C6BED1500D60549 /* Insta GUITests.xctest */,
			);
			name = Products;
			sourceTree = "<group>";
		};
		DD94CB0D1C6BED1500D60549 /* Insta G */ = {
			isa = PBXGroup;
			children = (
				DD94CB0E1C6BED1500D60549 /* AppDelegate.swift */,
				DD94CB121C6BED1500D60549 /* Main.storyboard */,
				DD94CB181C6BED1500D60549 /* Assets.xcassets */,
				DD94CB1A1C6BED1500D60549 /* LaunchScreen.storyboard */,
				DD94CB1D1C6BED1500D60549 /* Info.plist */,
				DD94CB151C6BED1500D60549 /* Insta_G.xcdatamodeld */,
				DD94CB3F1C6BF90200D60549 /* PhotosViewController.swift */,
				DD3DD5001C756FDC00EF56D8 /* PhotoCell.swift */,
				DDE726571C78286B0038D99A /* PhotoDetailsViewController.swift */,
			);
			path = "Insta G";
			sourceTree = "<group>";
		};
		DD94CB251C6BED1500D60549 /* Insta GTests */ = {
			isa = PBXGroup;
			children = (
				DD94CB261C6BED1500D60549 /* Insta_GTests.swift */,
				DD94CB281C6BED1500D60549 /* Info.plist */,
			);
			path = "Insta GTests";
			sourceTree = "<group>";
		};
		DD94CB301C6BED1500D60549 /* Insta GUITests */ = {
			isa = PBXGroup;
			children = (
				DD94CB311C6BED1500D60549 /* Insta_GUITests.swift */,
				DD94CB331C6BED1500D60549 /* Info.plist */,
			);
			path = "Insta GUITests";
			sourceTree = "<group>";
		};
/* End PBXGroup section */

/* Begin PBXNativeTarget section */
		DD94CB0A1C6BED1400D60549 /* Insta G */ = {
			isa = PBXNativeTarget;
			buildConfigurationList = DD94CB361C6BED1500D60549 /* Build configuration list for PBXNativeTarget "Insta G" */;
			buildPhases = (
				8B890CA5BB20199060830510 /* Check Pods Manifest.lock */,
				DD94CB071C6BED1400D60549 /* Sources */,
				DD94CB081C6BED1400D60549 /* Frameworks */,
				DD94CB091C6BED1400D60549 /* Resources */,
				CD0392EA3EC3F8484C093BD5 /* Embed Pods Frameworks */,
				1B4D0C3DDE5B6CAA0CA27CAE /* Copy Pods Resources */,
			);
			buildRules = (
			);
			dependencies = (
			);
			name = "Insta G";
			productName = "Insta G";
			productReference = DD94CB0B1C6BED1500D60549 /* Insta G.app */;
			productType = "com.apple.product-type.application";
		};
		DD94CB211C6BED1500D60549 /* Insta GTests */ = {
			isa = PBXNativeTarget;
			buildConfigurationList = DD94CB391C6BED1500D60549 /* Build configuration list for PBXNativeTarget "Insta GTests" */;
			buildPhases = (
				DD94CB1E1C6BED1500D60549 /* Sources */,
				DD94CB1F1C6BED1500D60549 /* Frameworks */,
				DD94CB201C6BED1500D60549 /* Resources */,
			);
			buildRules = (
			);
			dependencies = (
				DD94CB241C6BED1500D60549 /* PBXTargetDependency */,
			);
			name = "Insta GTests";
			productName = "Insta GTests";
			productReference = DD94CB221C6BED1500D60549 /* Insta GTests.xctest */;
			productType = "com.apple.product-type.bundle.unit-test";
		};
		DD94CB2C1C6BED1500D60549 /* Insta GUITests */ = {
			isa = PBXNativeTarget;
			buildConfigurationList = DD94CB3C1C6BED1500D60549 /* Build configuration list for PBXNativeTarget "Insta GUITests" */;
			buildPhases = (
				DD94CB291C6BED1500D60549 /* Sources */,
				DD94CB2A1C6BED1500D60549 /* Frameworks */,
				DD94CB2B1C6BED1500D60549 /* Resources */,
			);
			buildRules = (
			);
			dependencies = (
				DD94CB2F1C6BED1500D60549 /* PBXTargetDependency */,
			);
			name = "Insta GUITests";
			productName = "Insta GUITests";
			productReference = DD94CB2D1C6BED1500D60549 /* Insta GUITests.xctest */;
			productType = "com.apple.product-type.bundle.ui-testing";
		};
/* End PBXNativeTarget section */

/* Begin PBXProject section */
		DD94CB031C6BED1400D60549 /* Project object */ = {
			isa = PBXProject;
			attributes = {
				LastSwiftUpdateCheck = 0710;
				LastUpgradeCheck = 0710;
				ORGANIZATIONNAME = "Christopher Yang";
				TargetAttributes = {
					DD94CB0A1C6BED1400D60549 = {
						CreatedOnToolsVersion = 7.1;
						DevelopmentTeam = F59YKF5ZPA;
					};
					DD94CB211C6BED1500D60549 = {
						CreatedOnToolsVersion = 7.1;
						DevelopmentTeam = F59YKF5ZPA;
						TestTargetID = DD94CB0A1C6BED1400D60549;
					};
					DD94CB2C1C6BED1500D60549 = {
						CreatedOnToolsVersion = 7.1;
						DevelopmentTeam = F59YKF5ZPA;
						TestTargetID = DD94CB0A1C6BED1400D60549;
					};
				};
			};
			buildConfigurationList = DD94CB061C6BED1400D60549 /* Build configuration list for PBXProject "Insta G" */;
			compatibilityVersion = "Xcode 3.2";
			developmentRegion = English;
			hasScannedForEncodings = 0;
			knownRegions = (
				en,
				Base,
			);
			mainGroup = DD94CB021C6BED1400D60549;
			productRefGroup = DD94CB0C1C6BED1500D60549 /* Products */;
			projectDirPath = "";
			projectRoot = "";
			targets = (
				DD94CB0A1C6BED1400D60549 /* Insta G */,
				DD94CB211C6BED1500D60549 /* Insta GTests */,
				DD94CB2C1C6BED1500D60549 /* Insta GUITests */,
			);
		};
/* End PBXProject section */

/* Begin PBXResourcesBuildPhase section */
		DD94CB091C6BED1400D60549 /* Resources */ = {
			isa = PBXResourcesBuildPhase;
			buildActionMask = 2147483647;
			files = (
				DD94CB1C1C6BED1500D60549 /* LaunchScreen.storyboard in Resources */,
				DD94CB191C6BED1500D60549 /* Assets.xcassets in Resources */,
				DD94CB141C6BED1500D60549 /* Main.storyboard in Resources */,
			);
			runOnlyForDeploymentPostprocessing = 0;
		};
		DD94CB201C6BED1500D60549 /* Resources */ = {
			isa = PBXResourcesBuildPhase;
			buildActionMask = 2147483647;
			files = (
			);
			runOnlyForDeploymentPostprocessing = 0;
		};
		DD94CB2B1C6BED1500D60549 /* Resources */ = {
			isa = PBXResourcesBuildPhase;
			buildActionMask = 2147483647;
			files = (
			);
			runOnlyForDeploymentPostprocessing = 0;
		};
/* End PBXResourcesBuildPhase section */

/* Begin PBXShellScriptBuildPhase section */
		1B4D0C3DDE5B6CAA0CA27CAE /* Copy Pods Resources */ = {
			isa = PBXShellScriptBuildPhase;
			buildActionMask = 2147483647;
			files = (
			);
			inputPaths = (
			);
			name = "Copy Pods Resources";
			outputPaths = (
			);
			runOnlyForDeploymentPostprocessing = 0;
			shellPath = /bin/sh;
			shellScript = "\"${SRCROOT}/Pods/Target Support Files/Pods-Insta G/Pods-Insta G-resources.sh\"\n";
			showEnvVarsInLog = 0;
		};
		8B890CA5BB20199060830510 /* Check Pods Manifest.lock */ = {
			isa = PBXShellScriptBuildPhase;
			buildActionMask = 2147483647;
			files = (
			);
			inputPaths = (
			);
			name = "Check Pods Manifest.lock";
			outputPaths = (
			);
			runOnlyForDeploymentPostprocessing = 0;
			shellPath = /bin/sh;
			shellScript = "diff \"${PODS_ROOT}/../Podfile.lock\" \"${PODS_ROOT}/Manifest.lock\" > /dev/null\nif [[ $? != 0 ]] ; then\n    cat << EOM\nerror: The sandbox is not in sync with the Podfile.lock. Run 'pod install' or update your CocoaPods installation.\nEOM\n    exit 1\nfi\n";
			showEnvVarsInLog = 0;
		};
		CD0392EA3EC3F8484C093BD5 /* Embed Pods Frameworks */ = {
			isa = PBXShellScriptBuildPhase;
			buildActionMask = 2147483647;
			files = (
			);
			inputPaths = (
			);
			name = "Embed Pods Frameworks";
			outputPaths = (
			);
			runOnlyForDeploymentPostprocessing = 0;
			shellPath = /bin/sh;
			shellScript = "\"${SRCROOT}/Pods/Target Support Files/Pods-Insta G/Pods-Insta G-frameworks.sh\"\n";
			showEnvVarsInLog = 0;
		};
/* End PBXShellScriptBuildPhase section */

/* Begin PBXSourcesBuildPhase section */
		DD94CB071C6BED1400D60549 /* Sources */ = {
			isa = PBXSourcesBuildPhase;
			buildActionMask = 2147483647;
			files = (
				DD3DD5011C756FDC00EF56D8 /* PhotoCell.swift in Sources */,
				DDE726581C78286B0038D99A /* PhotoDetailsViewController.swift in Sources */,
				DD94CB401C6BF90200D60549 /* PhotosViewController.swift in Sources */,
				DD94CB171C6BED1500D60549 /* Insta_G.xcdatamodeld in Sources */,
				DD94CB0F1C6BED1500D60549 /* AppDelegate.swift in Sources */,
			);
			runOnlyForDeploymentPostprocessing = 0;
		};
		DD94CB1E1C6BED1500D60549 /* Sources */ = {
			isa = PBXSourcesBuildPhase;
			buildActionMask = 2147483647;
			files = (
				DD94CB271C6BED1500D60549 /* Insta_GTests.swift in Sources */,
			);
			runOnlyForDeploymentPostprocessing = 0;
		};
		DD94CB291C6BED1500D60549 /* Sources */ = {
			isa = PBXSourcesBuildPhase;
			buildActionMask = 2147483647;
			files = (
				DD94CB321C6BED1500D60549 /* Insta_GUITests.swift in Sources */,
			);
			runOnlyForDeploymentPostprocessing = 0;
		};
/* End PBXSourcesBuildPhase section */

/* Begin PBXTargetDependency section */
		DD94CB241C6BED1500D60549 /* PBXTargetDependency */ = {
			isa = PBXTargetDependency;
			target = DD94CB0A1C6BED1400D60549 /* Insta G */;
			targetProxy = DD94CB231C6BED1500D60549 /* PBXContainerItemProxy */;
		};
		DD94CB2F1C6BED1500D60549 /* PBXTargetDependency */ = {
			isa = PBXTargetDependency;
			target = DD94CB0A1C6BED1400D60549 /* Insta G */;
			targetProxy = DD94CB2E1C6BED1500D60549 /* PBXContainerItemProxy */;
		};
/* End PBXTargetDependency section */

/* Begin PBXVariantGroup section */
		DD94CB121C6BED1500D60549 /* Main.storyboard */ = {
			isa = PBXVariantGroup;
			children = (
				DD94CB131C6BED1500D60549 /* Base */,
			);
			name = Main.storyboard;
			sourceTree = "<group>";
		};
		DD94CB1A1C6BED1500D60549 /* LaunchScreen.storyboard */ = {
			isa = PBXVariantGroup;
			children = (
				DD94CB1B1C6BED1500D60549 /* Base */,
			);
			name = LaunchScreen.storyboard;
			sourceTree = "<group>";
		};
/* End PBXVariantGroup section */

/* Begin XCBuildConfiguration section */
		DD94CB341C6BED1500D60549 /* Debug */ = {
			isa = XCBuildConfiguration;
			buildSettings = {
				ALWAYS_SEARCH_USER_PATHS = NO;
				CLANG_CXX_LANGUAGE_STANDARD = "gnu++0x";
				CLANG_CXX_LIBRARY = "libc++";
				CLANG_ENABLE_MODULES = YES;
				CLANG_ENABLE_OBJC_ARC = YES;
				CLANG_WARN_BOOL_CONVERSION = YES;
				CLANG_WARN_CONSTANT_CONVERSION = YES;
				CLANG_WARN_DIRECT_OBJC_ISA_USAGE = YES_ERROR;
				CLANG_WARN_EMPTY_BODY = YES;
				CLANG_WARN_ENUM_CONVERSION = YES;
				CLANG_WARN_INT_CONVERSION = YES;
				CLANG_WARN_OBJC_ROOT_CLASS = YES_ERROR;
				CLANG_WARN_UNREACHABLE_CODE = YES;
				CLANG_WARN__DUPLICATE_METHOD_MATCH = YES;
				"CODE_SIGN_IDENTITY[sdk=iphoneos*]" = "iPhone Developer";
				COPY_PHASE_STRIP = NO;
				DEBUG_INFORMATION_FORMAT = dwarf;
				ENABLE_STRICT_OBJC_MSGSEND = YES;
				ENABLE_TESTABILITY = YES;
				GCC_C_LANGUAGE_STANDARD = gnu99;
				GCC_DYNAMIC_NO_PIC = NO;
				GCC_NO_COMMON_BLOCKS = YES;
				GCC_OPTIMIZATION_LEVEL = 0;
				GCC_PREPROCESSOR_DEFINITIONS = (
					"DEBUG=1",
					"$(inherited)",
				);
				GCC_WARN_64_TO_32_BIT_CONVERSION = YES;
				GCC_WARN_ABOUT_RETURN_TYPE = YES_ERROR;
				GCC_WARN_UNDECLARED_SELECTOR = YES;
				GCC_WARN_UNINITIALIZED_AUTOS = YES_AGGRESSIVE;
				GCC_WARN_UNUSED_FUNCTION = YES;
				GCC_WARN_UNUSED_VARIABLE = YES;
				IPHONEOS_DEPLOYMENT_TARGET = 9.1;
				MTL_ENABLE_DEBUG_INFO = YES;
				ONLY_ACTIVE_ARCH = YES;
				SDKROOT = iphoneos;
				SWIFT_OPTIMIZATION_LEVEL = "-Onone";
			};
			name = Debug;
		};
		DD94CB351C6BED1500D60549 /* Release */ = {
			isa = XCBuildConfiguration;
			buildSettings = {
				ALWAYS_SEARCH_USER_PATHS = NO;
				CLANG_CXX_LANGUAGE_STANDARD = "gnu++0x";
				CLANG_CXX_LIBRARY = "libc++";
				CLANG_ENABLE_MODULES = YES;
				CLANG_ENABLE_OBJC_ARC = YES;
				CLANG_WARN_BOOL_CONVERSION = YES;
				CLANG_WARN_CONSTANT_CONVERSION = YES;
				CLANG_WARN_DIRECT_OBJC_ISA_USAGE = YES_ERROR;
				CLANG_WARN_EMPTY_BODY = YES;
				CLANG_WARN_ENUM_CONVERSION = YES;
				CLANG_WARN_INT_CONVERSION = YES;
				CLANG_WARN_OBJC_ROOT_CLASS = YES_ERROR;
				CLANG_WARN_UNREACHABLE_CODE = YES;
				CLANG_WARN__DUPLICATE_METHOD_MATCH = YES;
				"CODE_SIGN_IDENTITY[sdk=iphoneos*]" = "iPhone Developer";
				COPY_PHASE_STRIP = NO;
				DEBUG_INFORMATION_FORMAT = "dwarf-with-dsym";
				ENABLE_NS_ASSERTIONS = NO;
				ENABLE_STRICT_OBJC_MSGSEND = YES;
				GCC_C_LANGUAGE_STANDARD = gnu99;
				GCC_NO_COMMON_BLOCKS = YES;
				GCC_WARN_64_TO_32_BIT_CONVERSION = YES;
				GCC_WARN_ABOUT_RETURN_TYPE = YES_ERROR;
				GCC_WARN_UNDECLARED_SELECTOR = YES;
				GCC_WARN_UNINITIALIZED_AUTOS = YES_AGGRESSIVE;
				GCC_WARN_UNUSED_FUNCTION = YES;
				GCC_WARN_UNUSED_VARIABLE = YES;
				IPHONEOS_DEPLOYMENT_TARGET = 9.1;
				MTL_ENABLE_DEBUG_INFO = NO;
				SDKROOT = iphoneos;
				VALIDATE_PRODUCT = YES;
			};
			name = Release;
		};
		DD94CB371C6BED1500D60549 /* Debug */ = {
			isa = XCBuildConfiguration;
			baseConfigurationReference = AA8E1149AAB3EAC7642B9F67 /* Pods-Insta G.debug.xcconfig */;
			buildSettings = {
				ASSETCATALOG_COMPILER_APPICON_NAME = AppIcon;
				INFOPLIST_FILE = "Insta G/Info.plist";
				LD_RUNPATH_SEARCH_PATHS = "$(inherited) @executable_path/Frameworks";
				PRODUCT_BUNDLE_IDENTIFIER = "com.Insta-G";
				PRODUCT_NAME = "$(TARGET_NAME)";
			};
			name = Debug;
		};
		DD94CB381C6BED1500D60549 /* Release */ = {
			isa = XCBuildConfiguration;
			baseConfigurationReference = 77A291EDBCD7D81ADA741290 /* Pods-Insta G.release.xcconfig */;
			buildSettings = {
				ASSETCATALOG_COMPILER_APPICON_NAME = AppIcon;
				INFOPLIST_FILE = "Insta G/Info.plist";
				LD_RUNPATH_SEARCH_PATHS = "$(inherited) @executable_path/Frameworks";
				PRODUCT_BUNDLE_IDENTIFIER = "com.Insta-G";
				PRODUCT_NAME = "$(TARGET_NAME)";
			};
			name = Release;
		};
		DD94CB3A1C6BED1500D60549 /* Debug */ = {
			isa = XCBuildConfiguration;
			buildSettings = {
				BUNDLE_LOADER = "$(TEST_HOST)";
				INFOPLIST_FILE = "Insta GTests/Info.plist";
				LD_RUNPATH_SEARCH_PATHS = "$(inherited) @executable_path/Frameworks @loader_path/Frameworks";
				PRODUCT_BUNDLE_IDENTIFIER = "com.Insta-GTests";
				PRODUCT_NAME = "$(TARGET_NAME)";
				TEST_HOST = "$(BUILT_PRODUCTS_DIR)/Insta G.app/Insta G";
			};
			name = Debug;
		};
		DD94CB3B1C6BED1500D60549 /* Release */ = {
			isa = XCBuildConfiguration;
			buildSettings = {
				BUNDLE_LOADER = "$(TEST_HOST)";
				INFOPLIST_FILE = "Insta GTests/Info.plist";
				LD_RUNPATH_SEARCH_PATHS = "$(inherited) @executable_path/Frameworks @loader_path/Frameworks";
				PRODUCT_BUNDLE_IDENTIFIER = "com.Insta-GTests";
				PRODUCT_NAME = "$(TARGET_NAME)";
				TEST_HOST = "$(BUILT_PRODUCTS_DIR)/Insta G.app/Insta G";
			};
			name = Release;
		};
		DD94CB3D1C6BED1500D60549 /* Debug */ = {
			isa = XCBuildConfiguration;
			buildSettings = {
				INFOPLIST_FILE = "Insta GUITests/Info.plist";
				LD_RUNPATH_SEARCH_PATHS = "$(inherited) @executable_path/Frameworks @loader_path/Frameworks";
				PRODUCT_BUNDLE_IDENTIFIER = "com.Insta-GUITests";
				PRODUCT_NAME = "$(TARGET_NAME)";
				TEST_TARGET_NAME = "Insta G";
				USES_XCTRUNNER = YES;
			};
			name = Debug;
		};
		DD94CB3E1C6BED1500D60549 /* Release */ = {
			isa = XCBuildConfiguration;
			buildSettings = {
				INFOPLIST_FILE = "Insta GUITests/Info.plist";
				LD_RUNPATH_SEARCH_PATHS = "$(inherited) @executable_path/Frameworks @loader_path/Frameworks";
				PRODUCT_BUNDLE_IDENTIFIER = "com.Insta-GUITests";
				PRODUCT_NAME = "$(TARGET_NAME)";
				TEST_TARGET_NAME = "Insta G";
				USES_XCTRUNNER = YES;
			};
			name = Release;
		};
/* End XCBuildConfiguration section */

/* Begin XCConfigurationList section */
		DD94CB061C6BED1400D60549 /* Build configuration list for PBXProject "Insta G" */ = {
			isa = XCConfigurationList;
			buildConfigurations = (
				DD94CB341C6BED1500D60549 /* Debug */,
				DD94CB351C6BED1500D60549 /* Release */,
			);
			defaultConfigurationIsVisible = 0;
			defaultConfigurationName = Release;
		};
		DD94CB361C6BED1500D60549 /* Build configuration list for PBXNativeTarget "Insta G" */ = {
			isa = XCConfigurationList;
			buildConfigurations = (
				DD94CB371C6BED1500D60549 /* Debug */,
				DD94CB381C6BED1500D60549 /* Release */,
			);
			defaultConfigurationIsVisible = 0;
			defaultConfigurationName = Release;
		};
		DD94CB391C6BED1500D60549 /* Build configuration list for PBXNativeTarget "Insta GTests" */ = {
			isa = XCConfigurationList;
			buildConfigurations = (
				DD94CB3A1C6BED1500D60549 /* Debug */,
				DD94CB3B1C6BED1500D60549 /* Release */,
			);
			defaultConfigurationIsVisible = 0;
			defaultConfigurationName = Release;
		};
		DD94CB3C1C6BED1500D60549 /* Build configuration list for PBXNativeTarget "Insta GUITests" */ = {
			isa = XCConfigurationList;
			buildConfigurations = (
				DD94CB3D1C6BED1500D60549 /* Debug */,
				DD94CB3E1C6BED1500D60549 /* Release */,
			);
			defaultConfigurationIsVisible = 0;
			defaultConfigurationName = Release;
		};
/* End XCConfigurationList section */

/* Begin XCVersionGroup section */
		DD94CB151C6BED1500D60549 /* Insta_G.xcdatamodeld */ = {
			isa = XCVersionGroup;
			children = (
				DD94CB161C6BED1500D60549 /* Insta_G.xcdatamodel */,
			);
			currentVersion = DD94CB161C6BED1500D60549 /* Insta_G.xcdatamodel */;
			path = Insta_G.xcdatamodeld;
			sourceTree = "<group>";
			versionGroupType = wrapper.xcdatamodel;
		};
/* End XCVersionGroup section */
	};
	rootObject = DD94CB031C6BED1400D60549 /* Project object */;
}
